{
  "name": "minhacomida",
  "version": "1.0.0",
  "lockfileVersion": 2,
  "requires": true,
  "packages": {
    "": {
      "name": "minhacomida",
      "version": "1.0.0",
      "license": "ISC",
      "dependencies": {
        "bootstrap-icons": "^1.8.1",
        "js-datepicker": "^5.18.0"
      }
    },
    "node_modules/bootstrap-icons": {
      "version": "1.8.1",
      "resolved": "https://registry.npmjs.org/bootstrap-icons/-/bootstrap-icons-1.8.1.tgz",
      "integrity": "sha512-IXUqislddPJfwq6H+2nTkHyr9epO9h6u1AG0OZCx616w+TgzeoCjfmI3qJMQqt1J586gN2IxzB4M99Ip4sTZ1w==",
      "engines": {
        "node": ">=10"
      }
    },
    "node_modules/js-datepicker": {
      "version": "5.18.0",
      "resolved": "https://registry.npmjs.org/js-datepicker/-/js-datepicker-5.18.0.tgz",
      "integrity": "sha512-t8s5zBdqJIbB0QhWUeHDZOG6u9B1X9F8CQ4ucRzcOt5sQvA8Dxb/SdPBCktDlrzBDInAgnvzQ3QKzP9EokUAsQ=="
    }
  },
  "dependencies": {
    "bootstrap-icons": {
      "version": "1.8.1",
      "resolved": "https://registry.npmjs.org/bootstrap-icons/-/bootstrap-icons-1.8.1.tgz",
      "integrity": "sha512-IXUqislddPJfwq6H+2nTkHyr9epO9h6u1AG0OZCx616w+TgzeoCjfmI3qJMQqt1J586gN2IxzB4M99Ip4sTZ1w=="
    },
    "js-datepicker": {
      "version": "5.18.0",
      "resolved": "https://registry.npmjs.org/js-datepicker/-/js-datepicker-5.18.0.tgz",
      "integrity": "sha512-t8s5zBdqJIbB0QhWUeHDZOG6u9B1X9F8CQ4ucRzcOt5sQvA8Dxb/SdPBCktDlrzBDInAgnvzQ3QKzP9EokUAsQ=="
    }
  }
}
